
Microsoft Visual Studio Solution File, Format Version 12.00
# Visual Studio Version 16
VisualStudioVersion = 16.0.29519.181
MinimumVisualStudioVersion = 10.0.40219.1
Project("{FAE04EC0-301F-11D3-BF4B-00C04F79EFBC}") = "WebAPI", "WebAPI.csproj", "{221CD6EE-3FF6-4F80-B502-0E16DEF8FD74}"
EndProject
Global
	GlobalSection(SolutionConfigurationPlatforms) = preSolution
		Debug|Any CPU = Debug|Any CPU
		Release|Any CPU = Release|Any CPU
	EndGlobalSection
	GlobalSection(ProjectConfigurationPlatforms) = postSolution
		{221CD6EE-3FF6-4F80-B502-0E16DEF8FD74}.Debug|Any CPU.ActiveCfg = Debug|Any CPU
		{221CD6EE-3FF6-4F80-B502-0E16DEF8FD74}.Debug|Any CPU.Build.0 = Debug|Any CPU
		{221CD6EE-3FF6-4F80-B502-0E16DEF8FD74}.Release|Any CPU.ActiveCfg = Release|Any CPU
		{221CD6EE-3FF6-4F80-B502-0E16DEF8FD74}.Release|Any CPU.Build.0 = Release|Any CPU
	EndGlobalSection
	GlobalSection(SolutionProperties) = preSolution
		HideSolutionNode = FALSE
	EndGlobalSection
	GlobalSection(ExtensibilityGlobals) = postSolution
		SolutionGuid = {E6A95837-055B-462D-B7B0-924DC8798BFD}
	EndGlobalSection
EndGlobal
